
Microsoft Visual Studio Solution File, Format Version 12.00
# Visual Studio Version 17
VisualStudioVersion = 17.4.33213.308
MinimumVisualStudioVersion = 10.0.40219.1
Project("{8BC9CEB8-8B4A-11D0-8D11-00A0C91BC942}") = "13-1", "13-1\13-1.vcxproj", "{B3E2ED68-ADEA-427C-BC57-73DA044D35EC}"
EndProject
Global
	GlobalSection(SolutionConfigurationPlatforms) = preSolution
		Debug|x64 = Debug|x64
		Release|x64 = Release|x64
	EndGlobalSection
	GlobalSection(ProjectConfigurationPlatforms) = postSolution
		{B3E2ED68-ADEA-427C-BC57-73DA044D35EC}.Debug|x64.ActiveCfg = Debug|x64
		{B3E2ED68-ADEA-427C-BC57-73DA044D35EC}.Debug|x64.Build.0 = Debug|x64
		{B3E2ED68-ADEA-427C-BC57-73DA044D35EC}.Release|x64.ActiveCfg = Release|x64
		{B3E2ED68-ADEA-427C-BC57-73DA044D35EC}.Release|x64.Build.0 = Release|x64
	EndGlobalSection
	GlobalSection(SolutionProperties) = preSolution
		HideSolutionNode = FALSE
	EndGlobalSection
	GlobalSection(ExtensibilityGlobals) = postSolution
		SolutionGuid = {53D256F8-B25B-4560-AA87-76277B8D7C1A}
	EndGlobalSection
EndGlobal
